Microsoft Visual Studio Solution File, Format Version 12.00
# Visual Studio Version 17
VisualStudioVersion = 17.5.2.0
MinimumVisualStudioVersion = 10.0.40219.1
Project("{FAE04EC0-301F-11D3-BF4B-00C04F79EFBC}") = "Kartlegging_websocket_prosjekt_backend", "Kartlegging_websocket_prosjekt_backend.csproj", "{FFE688C4-419D-4BA4-14B8-B8DC405D97FD}"
EndProject
Global
	GlobalSection(SolutionConfigurationPlatforms) = preSolution
		Debug|Any CPU = Debug|Any CPU
		Release|Any CPU = Release|Any CPU
	EndGlobalSection
	GlobalSection(ProjectConfigurationPlatforms) = postSolution
		{FFE688C4-419D-4BA4-14B8-B8DC405D97FD}.Debug|Any CPU.ActiveCfg = Debug|Any CPU
		{FFE688C4-419D-4BA4-14B8-B8DC405D97FD}.Debug|Any CPU.Build.0 = Debug|Any CPU
		{FFE688C4-419D-4BA4-14B8-B8DC405D97FD}.Release|Any CPU.ActiveCfg = Release|Any CPU
		{FFE688C4-419D-4BA4-14B8-B8DC405D97FD}.Release|Any CPU.Build.0 = Release|Any CPU
	EndGlobalSection
	GlobalSection(SolutionProperties) = preSolution
		HideSolutionNode = FALSE
	EndGlobalSection
	GlobalSection(ExtensibilityGlobals) = postSolution
		SolutionGuid = {3882AE1D-33F8-49F5-8992-004CB888BE4B}
	EndGlobalSection
EndGlobal
